# This file is automatically @generated by Cargo.
# It is not intended for manual editing.
version = 3

[[package]]
name = "calibration"
version = "0.1.0"
dependencies = [
 "slc",
]

[[package]]
name = "lab"
version = "0.10.0"
source = "registry+https://github.com/rust-lang/crates.io-index"
checksum = "a4951f42286540a90992685527c4a7940d63d3ae1a750d057ae7c60ef0ccab24"

[[package]]
name = "lab_rainbow"
version = "0.1.0"
dependencies = [
 "lab",
 "slc",
]

[[package]]
name = "networking"
version = "0.1.0"
dependencies = [
 "slc",
]

[[package]]
name = "slc"
version = "0.1.0"

[[package]]
name = "slc_client_playground"
version = "0.1.0"
dependencies = [
 "calibration",
 "lab_rainbow",
 "networking",
 "slc",
 "sweep",
]

[[package]]
name = "sweep"
version = "0.1.0"
dependencies = [
 "slc",
]
